
Microsoft Visual Studio Solution File, Format Version 12.00
# Visual Studio Version 17
VisualStudioVersion = 17.14.36408.4 d17.14
MinimumVisualStudioVersion = 10.0.40219.1
Project("{FAE04EC0-301F-11D3-BF4B-00C04F79EFBC}") = "Areacirculo", "Areacirculo\Areacirculo.csproj", "{58B09C74-113A-4C3B-8AD2-A077C920BAD1}"
EndProject
Global
	GlobalSection(SolutionConfigurationPlatforms) = preSolution
		Debug|Any CPU = Debug|Any CPU
		Release|Any CPU = Release|Any CPU
	EndGlobalSection
	GlobalSection(ProjectConfigurationPlatforms) = postSolution
		{58B09C74-113A-4C3B-8AD2-A077C920BAD1}.Debug|Any CPU.ActiveCfg = Debug|Any CPU
		{58B09C74-113A-4C3B-8AD2-A077C920BAD1}.Debug|Any CPU.Build.0 = Debug|Any CPU
		{58B09C74-113A-4C3B-8AD2-A077C920BAD1}.Release|Any CPU.ActiveCfg = Release|Any CPU
		{58B09C74-113A-4C3B-8AD2-A077C920BAD1}.Release|Any CPU.Build.0 = Release|Any CPU
	EndGlobalSection
	GlobalSection(SolutionProperties) = preSolution
		HideSolutionNode = FALSE
	EndGlobalSection
	GlobalSection(ExtensibilityGlobals) = postSolution
		SolutionGuid = {4A38D9DC-0740-41F5-A104-C8A2DCA83D7C}
	EndGlobalSection
EndGlobal
